
Microsoft Visual Studio Solution File, Format Version 12.00
# Visual Studio Version 17
VisualStudioVersion = 17.3.32901.215
MinimumVisualStudioVersion = 10.0.40219.1
Project("{FAE04EC0-301F-11D3-BF4B-00C04F79EFBC}") = "CrowdFoundAppTeam3", "CrowdFoundAppTeam3.csproj", "{A48AED54-3591-4321-B8C5-385FB92A9135}"
EndProject
Global
	GlobalSection(SolutionConfigurationPlatforms) = preSolution
		Debug|Any CPU = Debug|Any CPU
		Release|Any CPU = Release|Any CPU
	EndGlobalSection
	GlobalSection(ProjectConfigurationPlatforms) = postSolution
		{A48AED54-3591-4321-B8C5-385FB92A9135}.Debug|Any CPU.ActiveCfg = Debug|Any CPU
		{A48AED54-3591-4321-B8C5-385FB92A9135}.Debug|Any CPU.Build.0 = Debug|Any CPU
		{A48AED54-3591-4321-B8C5-385FB92A9135}.Release|Any CPU.ActiveCfg = Release|Any CPU
		{A48AED54-3591-4321-B8C5-385FB92A9135}.Release|Any CPU.Build.0 = Release|Any CPU
	EndGlobalSection
	GlobalSection(SolutionProperties) = preSolution
		HideSolutionNode = FALSE
	EndGlobalSection
	GlobalSection(ExtensibilityGlobals) = postSolution
		SolutionGuid = {BDB6DC87-882C-448D-8FBB-D06ED3FCDD67}
	EndGlobalSection
EndGlobal
